
Microsoft Visual Studio Solution File, Format Version 12.00
# Visual Studio Version 17
VisualStudioVersion = 17.5.33424.131
MinimumVisualStudioVersion = 10.0.40219.1
Project("{FAE04EC0-301F-11D3-BF4B-00C04F79EFBC}") = "DeskDisplayClient", "DeskDisplayClient\DeskDisplayClient.csproj", "{554439D4-E9ED-45E4-9270-500771AC01C7}"
EndProject
Global
	GlobalSection(SolutionConfigurationPlatforms) = preSolution
		Debug|Any CPU = Debug|Any CPU
		Release|Any CPU = Release|Any CPU
	EndGlobalSection
	GlobalSection(ProjectConfigurationPlatforms) = postSolution
		{554439D4-E9ED-45E4-9270-500771AC01C7}.Debug|Any CPU.ActiveCfg = Debug|Any CPU
		{554439D4-E9ED-45E4-9270-500771AC01C7}.Debug|Any CPU.Build.0 = Debug|Any CPU
		{554439D4-E9ED-45E4-9270-500771AC01C7}.Release|Any CPU.ActiveCfg = Release|Any CPU
		{554439D4-E9ED-45E4-9270-500771AC01C7}.Release|Any CPU.Build.0 = Release|Any CPU
	EndGlobalSection
	GlobalSection(SolutionProperties) = preSolution
		HideSolutionNode = FALSE
	EndGlobalSection
	GlobalSection(ExtensibilityGlobals) = postSolution
		SolutionGuid = {46B42FF9-82E4-405E-8C11-59DF60B01863}
	EndGlobalSection
EndGlobal
